
Microsoft Visual Studio Solution File, Format Version 12.00
# Visual Studio Version 17
VisualStudioVersion = 17.8.34004.107
MinimumVisualStudioVersion = 10.0.40219.1
Project("{FAE04EC0-301F-11D3-BF4B-00C04F79EFBC}") = "game1", "game1\game1.csproj", "{691768D3-4F9F-49B6-B8A1-AB820285DBCD}"
EndProject
Global
	GlobalSection(SolutionConfigurationPlatforms) = preSolution
		Debug|Any CPU = Debug|Any CPU
		Release|Any CPU = Release|Any CPU
	EndGlobalSection
	GlobalSection(ProjectConfigurationPlatforms) = postSolution
		{691768D3-4F9F-49B6-B8A1-AB820285DBCD}.Debug|Any CPU.ActiveCfg = Debug|Any CPU
		{691768D3-4F9F-49B6-B8A1-AB820285DBCD}.Debug|Any CPU.Build.0 = Debug|Any CPU
		{691768D3-4F9F-49B6-B8A1-AB820285DBCD}.Release|Any CPU.ActiveCfg = Release|Any CPU
		{691768D3-4F9F-49B6-B8A1-AB820285DBCD}.Release|Any CPU.Build.0 = Release|Any CPU
	EndGlobalSection
	GlobalSection(SolutionProperties) = preSolution
		HideSolutionNode = FALSE
	EndGlobalSection
	GlobalSection(ExtensibilityGlobals) = postSolution
		SolutionGuid = {1BBBDA8C-1A2F-4C09-A8A0-C9AB8E0C7A2A}
	EndGlobalSection
EndGlobal
